
Microsoft Visual Studio Solution File, Format Version 12.00
# Visual Studio Version 16
VisualStudioVersion = 16.0.30128.74
MinimumVisualStudioVersion = 10.0.40219.1
Project("{FAE04EC0-301F-11D3-BF4B-00C04F79EFBC}") = "WeqaHR-System", "WeqaHR-System.csproj", "{10DA9B2A-7DAA-4DC5-B20D-2E5CF01DBB64}"
EndProject
Global
	GlobalSection(SolutionConfigurationPlatforms) = preSolution
		Debug|Any CPU = Debug|Any CPU
		Release|Any CPU = Release|Any CPU
	EndGlobalSection
	GlobalSection(ProjectConfigurationPlatforms) = postSolution
		{10DA9B2A-7DAA-4DC5-B20D-2E5CF01DBB64}.Debug|Any CPU.ActiveCfg = Debug|Any CPU
		{10DA9B2A-7DAA-4DC5-B20D-2E5CF01DBB64}.Debug|Any CPU.Build.0 = Debug|Any CPU
		{10DA9B2A-7DAA-4DC5-B20D-2E5CF01DBB64}.Release|Any CPU.ActiveCfg = Release|Any CPU
		{10DA9B2A-7DAA-4DC5-B20D-2E5CF01DBB64}.Release|Any CPU.Build.0 = Release|Any CPU
	EndGlobalSection
	GlobalSection(SolutionProperties) = preSolution
		HideSolutionNode = FALSE
	EndGlobalSection
	GlobalSection(ExtensibilityGlobals) = postSolution
		SolutionGuid = {DAAD87C3-8E87-4FFA-878A-97F025561EDC}
	EndGlobalSection
EndGlobal
